{
  "name": "uview_mall",
  "version": "1.0.0",
  "lockfileVersion": 2,
  "requires": true,
  "packages": {
    "": {
      "version": "1.0.0",
      "license": "MIT",
      "dependencies": {
        "jweixin-module": "^1.6.0"
      }
    },
    "node_modules/jweixin-module": {
      "version": "1.6.0",
      "resolved": "https://registry.nlark.com/jweixin-module/download/jweixin-module-1.6.0.tgz",
      "integrity": "sha1-Sn6mFAg+PJw/SeL9wruILPpY380="
    }
  },
  "dependencies": {
    "jweixin-module": {
      "version": "1.6.0",
      "resolved": "https://registry.nlark.com/jweixin-module/download/jweixin-module-1.6.0.tgz",
      "integrity": "sha1-Sn6mFAg+PJw/SeL9wruILPpY380="
    }
  }
}
